// !$*UTF8*$!
{
	archiveVersion = 1;
	classes = {
	};
	objectVersion = 53;
	objects = {

/* Begin PBXBuildFile section */
		842C00122AC6ED9000C1AA8C /* ToDoListItem.swift in Sources */ = {isa = PBXBuildFile; fileRef = 842C00112AC6ED9000C1AA8C /* ToDoListItem.swift */; };
		842C00142AC6EDA000C1AA8C /* CategoryItem.swift in Sources */ = {isa = PBXBuildFile; fileRef = 842C00132AC6EDA000C1AA8C /* CategoryItem.swift */; };
		843459542ACC4667006E8481 /* Pods_Todoey.framework in Frameworks */ = {isa = PBXBuildFile; fileRef = 3118E18BA00FE519C162CD30 /* Pods_Todoey.framework */; };
		843459552ACC4667006E8481 /* Pods_Todoey.framework in Embed Frameworks */ = {isa = PBXBuildFile; fileRef = 3118E18BA00FE519C162CD30 /* Pods_Todoey.framework */; settings = {ATTRIBUTES = (RemoveHeadersOnCopy, ); }; };
		84B299182AC2DF6600678AEB /* CategoryViewController.swift in Sources */ = {isa = PBXBuildFile; fileRef = 84B299172AC2DF6600678AEB /* CategoryViewController.swift */; };
		EB2BE4FA239524DB00FB933B /* AppDelegate.swift in Sources */ = {isa = PBXBuildFile; fileRef = EB2BE4F9239524DB00FB933B /* AppDelegate.swift */; };
		EB2BE4FE239524DB00FB933B /* TodoListViewController.swift in Sources */ = {isa = PBXBuildFile; fileRef = EB2BE4FD239524DB00FB933B /* TodoListViewController.swift */; };
		EB2BE501239524DB00FB933B /* Main.storyboard in Resources */ = {isa = PBXBuildFile; fileRef = EB2BE4FF239524DB00FB933B /* Main.storyboard */; };
		EB2BE503239524DC00FB933B /* Assets.xcassets in Resources */ = {isa = PBXBuildFile; fileRef = EB2BE502239524DC00FB933B /* Assets.xcassets */; };
		EB2BE506239524DC00FB933B /* LaunchScreen.storyboard in Resources */ = {isa = PBXBuildFile; fileRef = EB2BE504239524DC00FB933B /* LaunchScreen.storyboard */; };
/* End PBXBuildFile section */

/* Begin PBXCopyFilesBuildPhase section */
		843459562ACC4667006E8481 /* Embed Frameworks */ = {
			isa = PBXCopyFilesBuildPhase;
			buildActionMask = 2147483647;
			dstPath = "";
			dstSubfolderSpec = 10;
			files = (
				843459552ACC4667006E8481 /* Pods_Todoey.framework in Embed Frameworks */,
			);
			name = "Embed Frameworks";
			runOnlyForDeploymentPostprocessing = 0;
		};
/* End PBXCopyFilesBuildPhase section */

/* Begin PBXFileReference section */
		044854C1B838686422182A5F /* Pods-Todoey.release.xcconfig */ = {isa = PBXFileReference; includeInIndex = 1; lastKnownFileType = text.xcconfig; name = "Pods-Todoey.release.xcconfig"; path = "Target Support Files/Pods-Todoey/Pods-Todoey.release.xcconfig"; sourceTree = "<group>"; };
		3118E18BA00FE519C162CD30 /* Pods_Todoey.framework */ = {isa = PBXFileReference; explicitFileType = wrapper.framework; includeInIndex = 0; path = Pods_Todoey.framework; sourceTree = BUILT_PRODUCTS_DIR; };
		7D263C6F7BA92F21619BEE0A /* Pods-Todoey.debug.xcconfig */ = {isa = PBXFileReference; includeInIndex = 1; lastKnownFileType = text.xcconfig; name = "Pods-Todoey.debug.xcconfig"; path = "Target Support Files/Pods-Todoey/Pods-Todoey.debug.xcconfig"; sourceTree = "<group>"; };
		842C00112AC6ED9000C1AA8C /* ToDoListItem.swift */ = {isa = PBXFileReference; lastKnownFileType = sourcecode.swift; path = ToDoListItem.swift; sourceTree = "<group>"; };
		842C00132AC6EDA000C1AA8C /* CategoryItem.swift */ = {isa = PBXFileReference; lastKnownFileType = sourcecode.swift; path = CategoryItem.swift; sourceTree = "<group>"; };
		843459502ACC3F63006E8481 /* Todoey.entitlements */ = {isa = PBXFileReference; lastKnownFileType = text.plist.entitlements; path = Todoey.entitlements; sourceTree = "<group>"; };
		84B299172AC2DF6600678AEB /* CategoryViewController.swift */ = {isa = PBXFileReference; lastKnownFileType = sourcecode.swift; path = CategoryViewController.swift; sourceTree = "<group>"; };
		EB2BE4F6239524DB00FB933B /* Todoey.app */ = {isa = PBXFileReference; explicitFileType = wrapper.application; includeInIndex = 0; path = Todoey.app; sourceTree = BUILT_PRODUCTS_DIR; };
		EB2BE4F9239524DB00FB933B /* AppDelegate.swift */ = {isa = PBXFileReference; lastKnownFileType = sourcecode.swift; path = AppDelegate.swift; sourceTree = "<group>"; };
		EB2BE4FD239524DB00FB933B /* TodoListViewController.swift */ = {isa = PBXFileReference; lastKnownFileType = sourcecode.swift; path = TodoListViewController.swift; sourceTree = "<group>"; };
		EB2BE500239524DB00FB933B /* Base */ = {isa = PBXFileReference; lastKnownFileType = file.storyboard; name = Base; path = Base.lproj/Main.storyboard; sourceTree = "<group>"; };
		EB2BE502239524DC00FB933B /* Assets.xcassets */ = {isa = PBXFileReference; lastKnownFileType = folder.assetcatalog; path = Assets.xcassets; sourceTree = "<group>"; };
		EB2BE505239524DC00FB933B /* Base */ = {isa = PBXFileReference; lastKnownFileType = file.storyboard; name = Base; path = Base.lproj/LaunchScreen.storyboard; sourceTree = "<group>"; };
		EB2BE507239524DC00FB933B /* Info.plist */ = {isa = PBXFileReference; lastKnownFileType = text.plist.xml; path = Info.plist; sourceTree = "<group>"; };
/* End PBXFileReference section */

/* Begin PBXFrameworksBuildPhase section */
		EB2BE4F3239524DB00FB933B /* Frameworks */ = {
			isa = PBXFrameworksBuildPhase;
			buildActionMask = 2147483647;
			files = (
				843459542ACC4667006E8481 /* Pods_Todoey.framework in Frameworks */,
			);
			runOnlyForDeploymentPostprocessing = 0;
		};
/* End PBXFrameworksBuildPhase section */

/* Begin PBXGroup section */
		84C20DF22AB97BF5000B8201 /* Models */ = {
			isa = PBXGroup;
			children = (
				842C00112AC6ED9000C1AA8C /* ToDoListItem.swift */,
				842C00132AC6EDA000C1AA8C /* CategoryItem.swift */,
			);
			path = Models;
			sourceTree = "<group>";
		};
		84C20DF32AB97C09000B8201 /* Controllers */ = {
			isa = PBXGroup;
			children = (
				84B299172AC2DF6600678AEB /* CategoryViewController.swift */,
				EB2BE4FD239524DB00FB933B /* TodoListViewController.swift */,
			);
			path = Controllers;
			sourceTree = "<group>";
		};
		84C20DF42AB97C17000B8201 /* Supporting Files */ = {
			isa = PBXGroup;
			children = (
				EB2BE502239524DC00FB933B /* Assets.xcassets */,
				EB2BE504239524DC00FB933B /* LaunchScreen.storyboard */,
			);
			path = "Supporting Files";
			sourceTree = "<group>";
		};
		84C20DF52AB97C24000B8201 /* Views */ = {
			isa = PBXGroup;
			children = (
				EB2BE4FF239524DB00FB933B /* Main.storyboard */,
			);
			path = Views;
			sourceTree = "<group>";
		};
		DB026FDB2504719157EEDBB5 /* Frameworks */ = {
			isa = PBXGroup;
			children = (
				3118E18BA00FE519C162CD30 /* Pods_Todoey.framework */,
			);
			name = Frameworks;
			sourceTree = "<group>";
		};
		EB2BE4ED239524DB00FB933B = {
			isa = PBXGroup;
			children = (
				EB2BE4F8239524DB00FB933B /* Todoey */,
				EB2BE4F7239524DB00FB933B /* Products */,
				F114E22DA2FC82FB26997924 /* Pods */,
				DB026FDB2504719157EEDBB5 /* Frameworks */,
			);
			sourceTree = "<group>";
		};
		EB2BE4F7239524DB00FB933B /* Products */ = {
			isa = PBXGroup;
			children = (
				EB2BE4F6239524DB00FB933B /* Todoey.app */,
			);
			name = Products;
			sourceTree = "<group>";
		};
		EB2BE4F8239524DB00FB933B /* Todoey */ = {
			isa = PBXGroup;
			children = (
				843459502ACC3F63006E8481 /* Todoey.entitlements */,
				EB2BE4F9239524DB00FB933B /* AppDelegate.swift */,
				84C20DF22AB97BF5000B8201 /* Models */,
				84C20DF32AB97C09000B8201 /* Controllers */,
				84C20DF52AB97C24000B8201 /* Views */,
				84C20DF42AB97C17000B8201 /* Supporting Files */,
				EB2BE507239524DC00FB933B /* Info.plist */,
			);
			path = Todoey;
			sourceTree = "<group>";
		};
		F114E22DA2FC82FB26997924 /* Pods */ = {
			isa = PBXGroup;
			children = (
				7D263C6F7BA92F21619BEE0A /* Pods-Todoey.debug.xcconfig */,
				044854C1B838686422182A5F /* Pods-Todoey.release.xcconfig */,
			);
			path = Pods;
			sourceTree = "<group>";
		};
/* End PBXGroup section */

/* Begin PBXNativeTarget section */
		EB2BE4F5239524DB00FB933B /* Todoey */ = {
			isa = PBXNativeTarget;
			buildConfigurationList = EB2BE50A239524DC00FB933B /* Build configuration list for PBXNativeTarget "Todoey" */;
			buildPhases = (
				A93BC72B59AB22BB50061A34 /* [CP] Check Pods Manifest.lock */,
				EB2BE4F2239524DB00FB933B /* Sources */,
				EB2BE4F3239524DB00FB933B /* Frameworks */,
				EB2BE4F4239524DB00FB933B /* Resources */,
				54C54BD2364CC015F5ED6DC5 /* [CP] Embed Pods Frameworks */,
				843459562ACC4667006E8481 /* Embed Frameworks */,
			);
			buildRules = (
			);
			dependencies = (
			);
			name = Todoey;
			productName = Todoey;
			productReference = EB2BE4F6239524DB00FB933B /* Todoey.app */;
			productType = "com.apple.product-type.application";
		};
/* End PBXNativeTarget section */

/* Begin PBXProject section */
		EB2BE4EE239524DB00FB933B /* Project object */ = {
			isa = PBXProject;
			attributes = {
				BuildIndependentTargetsInParallel = YES;
				LastSwiftUpdateCheck = 1120;
				LastUpgradeCheck = 1430;
				ORGANIZATIONNAME = "App Brewery";
				TargetAttributes = {
					EB2BE4F5239524DB00FB933B = {
						CreatedOnToolsVersion = 11.2.1;
					};
				};
			};
			buildConfigurationList = EB2BE4F1239524DB00FB933B /* Build configuration list for PBXProject "Todoey" */;
			compatibilityVersion = "Xcode 9.3";
			developmentRegion = en;
			hasScannedForEncodings = 0;
			knownRegions = (
				en,
				Base,
			);
			mainGroup = EB2BE4ED239524DB00FB933B;
			productRefGroup = EB2BE4F7239524DB00FB933B /* Products */;
			projectDirPath = "";
			projectRoot = "";
			targets = (
				EB2BE4F5239524DB00FB933B /* Todoey */,
			);
		};
/* End PBXProject section */

/* Begin PBXResourcesBuildPhase section */
		EB2BE4F4239524DB00FB933B /* Resources */ = {
			isa = PBXResourcesBuildPhase;
			buildActionMask = 2147483647;
			files = (
				EB2BE506239524DC00FB933B /* LaunchScreen.storyboard in Resources */,
				EB2BE503239524DC00FB933B /* Assets.xcassets in Resources */,
				EB2BE501239524DB00FB933B /* Main.storyboard in Resources */,
			);
			runOnlyForDeploymentPostprocessing = 0;
		};
/* End PBXResourcesBuildPhase section */

/* Begin PBXShellScriptBuildPhase section */
		54C54BD2364CC015F5ED6DC5 /* [CP] Embed Pods Frameworks */ = {
			isa = PBXShellScriptBuildPhase;
			buildActionMask = 2147483647;
			files = (
			);
			inputFileListPaths = (
				"${PODS_ROOT}/Target Support Files/Pods-Todoey/Pods-Todoey-frameworks-${CONFIGURATION}-input-files.xcfilelist",
			);
			name = "[CP] Embed Pods Frameworks";
			outputFileListPaths = (
				"${PODS_ROOT}/Target Support Files/Pods-Todoey/Pods-Todoey-frameworks-${CONFIGURATION}-output-files.xcfilelist",
			);
			runOnlyForDeploymentPostprocessing = 0;
			shellPath = /bin/sh;
			shellScript = "\"${PODS_ROOT}/Target Support Files/Pods-Todoey/Pods-Todoey-frameworks.sh\"\n";
			showEnvVarsInLog = 0;
		};
		A93BC72B59AB22BB50061A34 /* [CP] Check Pods Manifest.lock */ = {
			isa = PBXShellScriptBuildPhase;
			buildActionMask = 2147483647;
			files = (
			);
			inputFileListPaths = (
			);
			inputPaths = (
				"${PODS_PODFILE_DIR_PATH}/Podfile.lock",
				"${PODS_ROOT}/Manifest.lock",
			);
			name = "[CP] Check Pods Manifest.lock";
			outputFileListPaths = (
			);
			outputPaths = (
				"$(DERIVED_FILE_DIR)/Pods-Todoey-checkManifestLockResult.txt",
			);
			runOnlyForDeploymentPostprocessing = 0;
			shellPath = /bin/sh;
			shellScript = "diff \"${PODS_PODFILE_DIR_PATH}/Podfile.lock\" \"${PODS_ROOT}/Manifest.lock\" > /dev/null\nif [ $? != 0 ] ; then\n    # print error to STDERR\n    echo \"error: The sandbox is not in sync with the Podfile.lock. Run 'pod install' or update your CocoaPods installation.\" >&2\n    exit 1\nfi\n# This output is used by Xcode 'outputs' to avoid re-running this script phase.\necho \"SUCCESS\" > \"${SCRIPT_OUTPUT_FILE_0}\"\n";
			showEnvVarsInLog = 0;
		};
/* End PBXShellScriptBuildPhase section */

/* Begin PBXSourcesBuildPhase section */
		EB2BE4F2239524DB00FB933B /* Sources */ = {
			isa = PBXSourcesBuildPhase;
			buildActionMask = 2147483647;
			files = (
				84B299182AC2DF6600678AEB /* CategoryViewController.swift in Sources */,
				EB2BE4FE239524DB00FB933B /* TodoListViewController.swift in Sources */,
				842C00122AC6ED9000C1AA8C /* ToDoListItem.swift in Sources */,
				842C00142AC6EDA000C1AA8C /* CategoryItem.swift in Sources */,
				EB2BE4FA239524DB00FB933B /* AppDelegate.swift in Sources */,
			);
			runOnlyForDeploymentPostprocessing = 0;
		};
/* End PBXSourcesBuildPhase section */

/* Begin PBXVariantGroup section */
		EB2BE4FF239524DB00FB933B /* Main.storyboard */ = {
			isa = PBXVariantGroup;
			children = (
				EB2BE500239524DB00FB933B /* Base */,
			);
			name = Main.storyboard;
			sourceTree = "<group>";
		};
		EB2BE504239524DC00FB933B /* LaunchScreen.storyboard */ = {
			isa = PBXVariantGroup;
			children = (
				EB2BE505239524DC00FB933B /* Base */,
			);
			name = LaunchScreen.storyboard;
			sourceTree = "<group>";
		};
/* End PBXVariantGroup section */

/* Begin XCBuildConfiguration section */
		EB2BE508239524DC00FB933B /* Debug */ = {
			isa = XCBuildConfiguration;
			buildSettings = {
				ALWAYS_SEARCH_USER_PATHS = NO;
				CLANG_ANALYZER_NONNULL = YES;
				CLANG_ANALYZER_NUMBER_OBJECT_CONVERSION = YES_AGGRESSIVE;
				CLANG_CXX_LANGUAGE_STANDARD = "gnu++14";
				CLANG_CXX_LIBRARY = "libc++";
				CLANG_ENABLE_MODULES = YES;
				CLANG_ENABLE_OBJC_ARC = YES;
				CLANG_ENABLE_OBJC_WEAK = YES;
				CLANG_WARN_BLOCK_CAPTURE_AUTORELEASING = YES;
				CLANG_WARN_BOOL_CONVERSION = YES;
				CLANG_WARN_COMMA = YES;
				CLANG_WARN_CONSTANT_CONVERSION = YES;
				CLANG_WARN_DEPRECATED_OBJC_IMPLEMENTATIONS = YES;
				CLANG_WARN_DIRECT_OBJC_ISA_USAGE = YES_ERROR;
				CLANG_WARN_DOCUMENTATION_COMMENTS = YES;
				CLANG_WARN_EMPTY_BODY = YES;
				CLANG_WARN_ENUM_CONVERSION = YES;
				CLANG_WARN_INFINITE_RECURSION = YES;
				CLANG_WARN_INT_CONVERSION = YES;
				CLANG_WARN_NON_LITERAL_NULL_CONVERSION = YES;
				CLANG_WARN_OBJC_IMPLICIT_RETAIN_SELF = YES;
				CLANG_WARN_OBJC_LITERAL_CONVERSION = YES;
				CLANG_WARN_OBJC_ROOT_CLASS = YES_ERROR;
				CLANG_WARN_QUOTED_INCLUDE_IN_FRAMEWORK_HEADER = YES;
				CLANG_WARN_RANGE_LOOP_ANALYSIS = YES;
				CLANG_WARN_STRICT_PROTOTYPES = YES;
				CLANG_WARN_SUSPICIOUS_MOVE = YES;
				CLANG_WARN_UNGUARDED_AVAILABILITY = YES_AGGRESSIVE;
				CLANG_WARN_UNREACHABLE_CODE = YES;
				CLANG_WARN__DUPLICATE_METHOD_MATCH = YES;
				COPY_PHASE_STRIP = NO;
				DEBUG_INFORMATION_FORMAT = dwarf;
				ENABLE_STRICT_OBJC_MSGSEND = YES;
				ENABLE_TESTABILITY = YES;
				GCC_C_LANGUAGE_STANDARD = gnu11;
				GCC_DYNAMIC_NO_PIC = NO;
				GCC_NO_COMMON_BLOCKS = YES;
				GCC_OPTIMIZATION_LEVEL = 0;
				GCC_PREPROCESSOR_DEFINITIONS = (
					"DEBUG=1",
					"$(inherited)",
				);
				GCC_WARN_64_TO_32_BIT_CONVERSION = YES;
				GCC_WARN_ABOUT_RETURN_TYPE = YES_ERROR;
				GCC_WARN_UNDECLARED_SELECTOR = YES;
				GCC_WARN_UNINITIALIZED_AUTOS = YES_AGGRESSIVE;
				GCC_WARN_UNUSED_FUNCTION = YES;
				GCC_WARN_UNUSED_VARIABLE = YES;
				IPHONEOS_DEPLOYMENT_TARGET = 13.2;
				MTL_ENABLE_DEBUG_INFO = INCLUDE_SOURCE;
				MTL_FAST_MATH = YES;
				ONLY_ACTIVE_ARCH = YES;
				SDKROOT = iphoneos;
				SWIFT_ACTIVE_COMPILATION_CONDITIONS = DEBUG;
				SWIFT_OPTIMIZATION_LEVEL = "-Onone";
			};
			name = Debug;
		};
		EB2BE509239524DC00FB933B /* Release */ = {
			isa = XCBuildConfiguration;
			buildSettings = {
				ALWAYS_SEARCH_USER_PATHS = NO;
				CLANG_ANALYZER_NONNULL = YES;
				CLANG_ANALYZER_NUMBER_OBJECT_CONVERSION = YES_AGGRESSIVE;
				CLANG_CXX_LANGUAGE_STANDARD = "gnu++14";
				CLANG_CXX_LIBRARY = "libc++";
				CLANG_ENABLE_MODULES = YES;
				CLANG_ENABLE_OBJC_ARC = YES;
				CLANG_ENABLE_OBJC_WEAK = YES;
				CLANG_WARN_BLOCK_CAPTURE_AUTORELEASING = YES;
				CLANG_WARN_BOOL_CONVERSION = YES;
				CLANG_WARN_COMMA = YES;
				CLANG_WARN_CONSTANT_CONVERSION = YES;
				CLANG_WARN_DEPRECATED_OBJC_IMPLEMENTATIONS = YES;
				CLANG_WARN_DIRECT_OBJC_ISA_USAGE = YES_ERROR;
				CLANG_WARN_DOCUMENTATION_COMMENTS = YES;
				CLANG_WARN_EMPTY_BODY = YES;
				CLANG_WARN_ENUM_CONVERSION = YES;
				CLANG_WARN_INFINITE_RECURSION = YES;
				CLANG_WARN_INT_CONVERSION = YES;
				CLANG_WARN_NON_LITERAL_NULL_CONVERSION = YES;
				CLANG_WARN_OBJC_IMPLICIT_RETAIN_SELF = YES;
				CLANG_WARN_OBJC_LITERAL_CONVERSION = YES;
				CLANG_WARN_OBJC_ROOT_CLASS = YES_ERROR;
				CLANG_WARN_QUOTED_INCLUDE_IN_FRAMEWORK_HEADER = YES;
				CLANG_WARN_RANGE_LOOP_ANALYSIS = YES;
				CLANG_WARN_STRICT_PROTOTYPES = YES;
				CLANG_WARN_SUSPICIOUS_MOVE = YES;
				CLANG_WARN_UNGUARDED_AVAILABILITY = YES_AGGRESSIVE;
				CLANG_WARN_UNREACHABLE_CODE = YES;
				CLANG_WARN__DUPLICATE_METHOD_MATCH = YES;
				COPY_PHASE_STRIP = NO;
				DEBUG_INFORMATION_FORMAT = "dwarf-with-dsym";
				ENABLE_NS_ASSERTIONS = NO;
				ENABLE_STRICT_OBJC_MSGSEND = YES;
				GCC_C_LANGUAGE_STANDARD = gnu11;
				GCC_NO_COMMON_BLOCKS = YES;
				GCC_WARN_64_TO_32_BIT_CONVERSION = YES;
				GCC_WARN_ABOUT_RETURN_TYPE = YES_ERROR;
				GCC_WARN_UNDECLARED_SELECTOR = YES;
				GCC_WARN_UNINITIALIZED_AUTOS = YES_AGGRESSIVE;
				GCC_WARN_UNUSED_FUNCTION = YES;
				GCC_WARN_UNUSED_VARIABLE = YES;
				IPHONEOS_DEPLOYMENT_TARGET = 13.2;
				MTL_ENABLE_DEBUG_INFO = NO;
				MTL_FAST_MATH = YES;
				SDKROOT = iphoneos;
				SWIFT_COMPILATION_MODE = wholemodule;
				SWIFT_OPTIMIZATION_LEVEL = "-O";
				VALIDATE_PRODUCT = YES;
			};
			name = Release;
		};
		EB2BE50B239524DC00FB933B /* Debug */ = {
			isa = XCBuildConfiguration;
			baseConfigurationReference = 7D263C6F7BA92F21619BEE0A /* Pods-Todoey.debug.xcconfig */;
			buildSettings = {
				ASSETCATALOG_COMPILER_APPICON_NAME = AppIcon;
				CODE_SIGN_ENTITLEMENTS = Todoey/Todoey.entitlements;
				CODE_SIGN_IDENTITY = "Apple Development";
				"CODE_SIGN_IDENTITY[sdk=macosx*]" = "-";
				CODE_SIGN_STYLE = Automatic;
				CURRENT_PROJECT_VERSION = 1.0.0;
				DEVELOPMENT_TEAM = 93A6DVZ3MN;
				INFOPLIST_FILE = Todoey/Info.plist;
				INFOPLIST_KEY_CFBundleDisplayName = "Dishman Group ";
				INFOPLIST_KEY_LSApplicationCategoryType = "public.app-category.productivity";
				IPHONEOS_DEPLOYMENT_TARGET = 13.0;
				LD_RUNPATH_SEARCH_PATHS = (
					"$(inherited)",
					"@executable_path/Frameworks",
				);
				MARKETING_VERSION = 0.1.0;
				PRODUCT_BUNDLE_IDENTIFIER = com.trialapps.Todoey;
				PRODUCT_NAME = "$(TARGET_NAME)";
				PROVISIONING_PROFILE_SPECIFIER = "";
				SUPPORTED_PLATFORMS = "iphoneos iphonesimulator";
				SUPPORTS_MACCATALYST = NO;
				SUPPORTS_MAC_DESIGNED_FOR_IPHONE_IPAD = YES;
				SWIFT_VERSION = 5.0;
				TARGETED_DEVICE_FAMILY = "1,2";
			};
			name = Debug;
		};
		EB2BE50C239524DC00FB933B /* Release */ = {
			isa = XCBuildConfiguration;
			baseConfigurationReference = 044854C1B838686422182A5F /* Pods-Todoey.release.xcconfig */;
			buildSettings = {
				ASSETCATALOG_COMPILER_APPICON_NAME = AppIcon;
				CODE_SIGN_ENTITLEMENTS = Todoey/Todoey.entitlements;
				CODE_SIGN_IDENTITY = "Apple Development";
				"CODE_SIGN_IDENTITY[sdk=macosx*]" = "-";
				CODE_SIGN_STYLE = Automatic;
				CURRENT_PROJECT_VERSION = 1.0.0;
				DEVELOPMENT_TEAM = 93A6DVZ3MN;
				INFOPLIST_FILE = Todoey/Info.plist;
				INFOPLIST_KEY_CFBundleDisplayName = "Dishman Group ";
				INFOPLIST_KEY_LSApplicationCategoryType = "public.app-category.productivity";
				IPHONEOS_DEPLOYMENT_TARGET = 13.0;
				LD_RUNPATH_SEARCH_PATHS = (
					"$(inherited)",
					"@executable_path/Frameworks",
				);
				MARKETING_VERSION = 0.1.0;
				PRODUCT_BUNDLE_IDENTIFIER = com.trialapps.Todoey;
				PRODUCT_NAME = "$(TARGET_NAME)";
				PROVISIONING_PROFILE_SPECIFIER = "";
				SUPPORTED_PLATFORMS = "iphoneos iphonesimulator";
				SUPPORTS_MACCATALYST = NO;
				SUPPORTS_MAC_DESIGNED_FOR_IPHONE_IPAD = YES;
				SWIFT_VERSION = 5.0;
				TARGETED_DEVICE_FAMILY = "1,2";
			};
			name = Release;
		};
/* End XCBuildConfiguration section */

/* Begin XCConfigurationList section */
		EB2BE4F1239524DB00FB933B /* Build configuration list for PBXProject "Todoey" */ = {
			isa = XCConfigurationList;
			buildConfigurations = (
				EB2BE508239524DC00FB933B /* Debug */,
				EB2BE509239524DC00FB933B /* Release */,
			);
			defaultConfigurationIsVisible = 0;
			defaultConfigurationName = Release;
		};
		EB2BE50A239524DC00FB933B /* Build configuration list for PBXNativeTarget "Todoey" */ = {
			isa = XCConfigurationList;
			buildConfigurations = (
				EB2BE50B239524DC00FB933B /* Debug */,
				EB2BE50C239524DC00FB933B /* Release */,
			);
			defaultConfigurationIsVisible = 0;
			defaultConfigurationName = Release;
		};
/* End XCConfigurationList section */
	};
	rootObject = EB2BE4EE239524DB00FB933B /* Project object */;
}
